# THIS IS AN AUTOGENERATED FILE. DO NOT EDIT THIS FILE DIRECTLY.
# yarn lockfile v1


"@next/env@13.5.5-canary.0":
  version "13.5.5-canary.0"
  resolved "https://registry.yarnpkg.com/@next/env/-/env-13.5.5-canary.0.tgz#06c95662a3d05dbdf5809ca8a4e8eec174a942a1"
  integrity sha512-Mih/Eqjjlh5VD231AmRb0CZvxLr3RlKS9YvEyClZWlOvssi9iZcALlPzvNW4DvP1u/lwmARP3wMNnHZ2iNuZSg==

"@next/font@^13.5.3":
  version "13.5.3"
  resolved "https://registry.yarnpkg.com/@next/font/-/font-13.5.3.tgz#2a82184674b5582b397cfae5627bcb80347d77ab"
  integrity sha512-RniL8BuXLCtBU1chuJ/TPVT2vCA6+EdlOUEhCpMdSeInZ5/nuOShkHgLZ0QnFVbcozwK3shO5ZdqKBI5G3eMNg==

"@next/swc-darwin-arm64@13.5.5-canary.0":
  version "13.5.5-canary.0"
  resolved "https://registry.yarnpkg.com/@next/swc-darwin-arm64/-/swc-darwin-arm64-13.5.5-canary.0.tgz#8147ed621588dc524cd6b022224b01ef305c315b"
  integrity sha512-tEuleWgYY64rk99FWsKs3SUMnIrF7pOgsSzTYJZxUnsupkLidVC80vYsNllUftRHDIXY1KraT4LCsbFzJpKgzg==

"@next/swc-darwin-x64@13.5.5-canary.0":
  version "13.5.5-canary.0"
  resolved "https://registry.yarnpkg.com/@next/swc-darwin-x64/-/swc-darwin-x64-13.5.5-canary.0.tgz#22ade78c04ad6f15b1fe0dcb42c6375a3dbea8d6"
  integrity sha512-SARhywnxf0zR4TYApM3RevpTLrG2dYXdZjx1Yi5+dvWg4Rj9Qq61FGLUPa1kexyyg8wRYJxSe8zo6vQ1fqt8HQ==

"@next/swc-linux-arm64-gnu@13.5.5-canary.0":
  version "13.5.5-canary.0"
  resolved "https://registry.yarnpkg.com/@next/swc-linux-arm64-gnu/-/swc-linux-arm64-gnu-13.5.5-canary.0.tgz#c3c91f10dacf9383f357d8402418983cd7216fc7"
  integrity sha512-KdU/0gYSG5s9rdpvk5gLTQ9M+DghxhVd1SR6WF6AE69jc/6kVNjf9JMsq92bKIkleB5Kd4NeEZ/Yk9LpYeepww==

"@next/swc-linux-arm64-musl@13.5.5-canary.0":
  version "13.5.5-canary.0"
  resolved "https://registry.yarnpkg.com/@next/swc-linux-arm64-musl/-/swc-linux-arm64-musl-13.5.5-canary.0.tgz#b091786d9fd082f70b3aecd6ebac082c151794a1"
  integrity sha512-efQZNYsHhA+sgFX6hUVDvnZkwuhLSnffjify2rBOsH00GPoPJEbK44Fqu/+hKF9JIj39dM7x961/cEza49VG9g==

"@next/swc-linux-x64-gnu@13.5.5-canary.0":
  version "13.5.5-canary.0"
  resolved "https://registry.yarnpkg.com/@next/swc-linux-x64-gnu/-/swc-linux-x64-gnu-13.5.5-canary.0.tgz#a5774175edb3e4d41b2e28bd1ea42947387ad212"
  integrity sha512-5L1D7s8E0zKbNLr3E6m1KBSS3orjC1wc6M50Aoi5BK6uC/CGpkDxWzeA98eEeQrcc4CjWXX9FbDk7G8w0Lvmlg==

"@next/swc-linux-x64-musl@13.5.5-canary.0":
  version "13.5.5-canary.0"
  resolved "https://registry.yarnpkg.com/@next/swc-linux-x64-musl/-/swc-linux-x64-musl-13.5.5-canary.0.tgz#503e38239c3f92ea3ea674479d375a645cab0ee7"
  integrity sha512-Ci8nJFnVeodQVYLG5DGHlXDxhbIGyvOrKVYYrX5EZ8q68Xs7YTxbSr9X3NsJ18uwbf5wpGg4BsIHZraMMVzPjA==

"@next/swc-win32-arm64-msvc@13.5.5-canary.0":
  version "13.5.5-canary.0"
  resolved "https://registry.yarnpkg.com/@next/swc-win32-arm64-msvc/-/swc-win32-arm64-msvc-13.5.5-canary.0.tgz#e2b7ff6d46993e83fafdec53cb7e7838b6ca86be"
  integrity sha512-B51/71b51yAnizVsPyE70aA+7ImquwA5zlqZ4cNhH18quxdsR+42H3lLv1xsrdyfyyx7KAohVc08UlaF5xHNfA==

"@next/swc-win32-ia32-msvc@13.5.5-canary.0":
  version "13.5.5-canary.0"
  resolved "https://registry.yarnpkg.com/@next/swc-win32-ia32-msvc/-/swc-win32-ia32-msvc-13.5.5-canary.0.tgz#b7fab2ae5f4e611d8dfe6cf6a75b40d79d603d51"
  integrity sha512-+tS9luxDhIBD4vMW24lTG7xdQ3OZxYqMSl5JhSascnJjGpYXw4B7eyGK8EAzz1YnyUlIOb6vopXJxVXlP4vDUw==

"@next/swc-win32-x64-msvc@13.5.5-canary.0":
  version "13.5.5-canary.0"
  resolved "https://registry.yarnpkg.com/@next/swc-win32-x64-msvc/-/swc-win32-x64-msvc-13.5.5-canary.0.tgz#14a2b93c3c19f7f26f9bdbe5ac9fc96e65a6210d"
  integrity sha512-Il0sBgOnUTn6KlFNCg5XiouhIHYtFDPbpkKSmvJSF/pv/W907GOIYvEOgs839BnUKJq9acNeewvDBzPWhOL6YQ==

"@swc/helpers@0.5.2":
  version "0.5.2"
  resolved "https://registry.yarnpkg.com/@swc/helpers/-/helpers-0.5.2.tgz#85ea0c76450b61ad7d10a37050289eded783c27d"
  integrity sha512-E4KcWTpoLHqwPHLxidpOqQbcrZVgi0rsmmZXUle1jXmJfuIf/UWpczUJ7MZZ5tlxytgJXyp0w4PGkkeLiuIdZw==
  dependencies:
    tslib "^2.4.0"

busboy@1.6.0:
  version "1.6.0"
  resolved "https://registry.yarnpkg.com/busboy/-/busboy-1.6.0.tgz#966ea36a9502e43cdb9146962523b92f531f6893"
  integrity sha512-8SFQbg/0hQ9xy3UNTB0YEnsNBbWfhf7RtnzpL7TkBiTBRfrQ9Fxcnz7VJsleJpyp6rVLvXiuORqjlHi5q+PYuA==
  dependencies:
    streamsearch "^1.1.0"

caniuse-lite@^1.0.30001406:
  version "1.0.30001540"
  resolved "https://registry.yarnpkg.com/caniuse-lite/-/caniuse-lite-1.0.30001540.tgz#a316ca4f2ae673ab02ff0ec533334016d56ff658"
  integrity sha512-9JL38jscuTJBTcuETxm8QLsFr/F6v0CYYTEU6r5+qSM98P2Q0Hmu0eG1dTG5GBUmywU3UlcVOUSIJYY47rdFSw==

client-only@0.0.1:
  version "0.0.1"
  resolved "https://registry.yarnpkg.com/client-only/-/client-only-0.0.1.tgz#38bba5d403c41ab150bff64a95c85013cf73bca1"
  integrity sha512-IV3Ou0jSMzZrd3pZ48nLkT9DA7Ag1pnPzaiQhpW7c3RbcqqzvzzVu+L8gfqMp/8IM2MQtSiqaCxrrcfu8I8rMA==

glob-to-regexp@^0.4.1:
  version "0.4.1"
  resolved "https://registry.yarnpkg.com/glob-to-regexp/-/glob-to-regexp-0.4.1.tgz#c75297087c851b9a578bd217dd59a92f59fe546e"
  integrity sha512-lkX1HJXwyMcprw/5YUZc2s7DrpAiHB21/V+E1rHUrVNokkvB6bqMzT0VfV6/86ZNabt1k14YOIaT7nDvOX3Iiw==

graceful-fs@^4.1.2:
  version "4.2.11"
  resolved "https://registry.yarnpkg.com/graceful-fs/-/graceful-fs-4.2.11.tgz#4183e4e8bf08bb6e05bbb2f7d2e0c8f712ca40e3"
  integrity sha512-RbJ5/jmFcNNCcDV5o9eTnBLJ/HszWV0P73bc+Ff4nS/rJj+YaS6IGyiOL0VoBYX+l1Wrl3k63h/KrH+nhJ0XvQ==

"js-tokens@^3.0.0 || ^4.0.0":
  version "4.0.0"
  resolved "https://registry.yarnpkg.com/js-tokens/-/js-tokens-4.0.0.tgz#19203fb59991df98e3a287050d4647cdeaf32499"
  integrity sha512-RdJUflcE3cUzKiMqQgsCu06FPu9UdIJO0beYbPhHN4k6apgJtifcoCtT9bcxOpYBtpD2kCM6Sbzg4CausW/PKQ==

loose-envify@^1.1.0:
  version "1.4.0"
  resolved "https://registry.yarnpkg.com/loose-envify/-/loose-envify-1.4.0.tgz#71ee51fa7be4caec1a63839f7e682d8132d30caf"
  integrity sha512-lyuxPGr/Wfhrlem2CL/UcnUc1zcqKAImBDzukY7Y5F/yQiNdko6+fRLevlw1HgMySw7f611UIY408EtxRSoK3Q==
  dependencies:
    js-tokens "^3.0.0 || ^4.0.0"

nanoid@^3.3.6:
  version "3.3.6"
  resolved "https://registry.yarnpkg.com/nanoid/-/nanoid-3.3.6.tgz#443380c856d6e9f9824267d960b4236ad583ea4c"
  integrity sha512-BGcqMMJuToF7i1rt+2PWSNVnWIkGCU78jBG3RxO/bZlnZPK2Cmi2QaffxGO/2RvWi9sL+FAiRiXMgsyxQ1DIDA==

next@^13.5.5-canary.0:
  version "13.5.5-canary.0"
  resolved "https://registry.yarnpkg.com/next/-/next-13.5.5-canary.0.tgz#191d393c925a8ee44e019e6ebbfb6bcac66e2b3a"
  integrity sha512-ctHipUunrFTX10SeJyxQXPJqj2URyVQprMEC1MmVa/5IQ8lUJxSra5jlaW73VyXDbB+qEHooTyXpn13ZFYJ9JQ==
  dependencies:
    "@next/env" "13.5.5-canary.0"
    "@swc/helpers" "0.5.2"
    busboy "1.6.0"
    caniuse-lite "^1.0.30001406"
    postcss "8.4.31"
    styled-jsx "5.1.1"
    watchpack "2.4.0"
  optionalDependencies:
    "@next/swc-darwin-arm64" "13.5.5-canary.0"
    "@next/swc-darwin-x64" "13.5.5-canary.0"
    "@next/swc-linux-arm64-gnu" "13.5.5-canary.0"
    "@next/swc-linux-arm64-musl" "13.5.5-canary.0"
    "@next/swc-linux-x64-gnu" "13.5.5-canary.0"
    "@next/swc-linux-x64-musl" "13.5.5-canary.0"
    "@next/swc-win32-arm64-msvc" "13.5.5-canary.0"
    "@next/swc-win32-ia32-msvc" "13.5.5-canary.0"
    "@next/swc-win32-x64-msvc" "13.5.5-canary.0"

picocolors@^1.0.0:
  version "1.0.0"
  resolved "https://registry.yarnpkg.com/picocolors/-/picocolors-1.0.0.tgz#cb5bdc74ff3f51892236eaf79d68bc44564ab81c"
  integrity sha512-1fygroTLlHu66zi26VoTDv8yRgm0Fccecssto+MhsZ0D/DGW2sm8E8AjW7NU5VVTRt5GxbeZ5qBuJr+HyLYkjQ==

postcss@8.4.31:
  version "8.4.31"
  resolved "https://registry.yarnpkg.com/postcss/-/postcss-8.4.31.tgz#92b451050a9f914da6755af352bdc0192508656d"
  integrity sha512-PS08Iboia9mts/2ygV3eLpY5ghnUcfLV/EXTOW1E2qYxJKGGBUtNjN76FYHnMs36RmARn41bC0AZmn+rR0OVpQ==
  dependencies:
    nanoid "^3.3.6"
    picocolors "^1.0.0"
    source-map-js "^1.0.2"

react-dom@latest:
  version "18.2.0"
  resolved "https://registry.yarnpkg.com/react-dom/-/react-dom-18.2.0.tgz#22aaf38708db2674ed9ada224ca4aa708d821e3d"
  integrity sha512-6IMTriUmvsjHUjNtEDudZfuDQUoWXVxKHhlEGSk81n4YFS+r/Kl99wXiwlVXtPBtJenozv2P+hxDsw9eA7Xo6g==
  dependencies:
    loose-envify "^1.1.0"
    scheduler "^0.23.0"

react-icons@^4.11.0:
  version "4.11.0"
  resolved "https://registry.yarnpkg.com/react-icons/-/react-icons-4.11.0.tgz#4b0e31c9bfc919608095cc429c4f1846f4d66c65"
  integrity sha512-V+4khzYcE5EBk/BvcuYRq6V/osf11ODUM2J8hg2FDSswRrGvqiYUYPRy4OdrWaQOBj4NcpJfmHZLNaD+VH0TyA==

react@latest:
  version "18.2.0"
  resolved "https://registry.yarnpkg.com/react/-/react-18.2.0.tgz#555bd98592883255fa00de14f1151a917b5d77d5"
  integrity sha512-/3IjMdb2L9QbBdWiW5e3P2/npwMBaU9mHCSCUzNln0ZCYbcfTsGbTJrU/kGemdH2IWmB2ioZ+zkxtmq6g09fGQ==
  dependencies:
    loose-envify "^1.1.0"

scheduler@^0.23.0:
  version "0.23.0"
  resolved "https://registry.yarnpkg.com/scheduler/-/scheduler-0.23.0.tgz#ba8041afc3d30eb206a487b6b384002e4e61fdfe"
  integrity sha512-CtuThmgHNg7zIZWAXi3AsyIzA3n4xx7aNyjwC2VJldO2LMVDhFK+63xGqq6CsJH4rTAt6/M+N4GhZiDYPx9eUw==
  dependencies:
    loose-envify "^1.1.0"

source-map-js@^1.0.2:
  version "1.0.2"
  resolved "https://registry.yarnpkg.com/source-map-js/-/source-map-js-1.0.2.tgz#adbc361d9c62df380125e7f161f71c826f1e490c"
  integrity sha512-R0XvVJ9WusLiqTCEiGCmICCMplcCkIwwR11mOSD9CR5u+IXYdiseeEuXCVAjS54zqwkLcPNnmU4OeJ6tUrWhDw==

streamsearch@^1.1.0:
  version "1.1.0"
  resolved "https://registry.yarnpkg.com/streamsearch/-/streamsearch-1.1.0.tgz#404dd1e2247ca94af554e841a8ef0eaa238da764"
  integrity sha512-Mcc5wHehp9aXz1ax6bZUyY5afg9u2rv5cqQI3mRrYkGC8rW2hM02jWuwjtL++LS5qinSyhj2QfLyNsuc+VsExg==

styled-jsx@5.1.1:
  version "5.1.1"
  resolved "https://registry.yarnpkg.com/styled-jsx/-/styled-jsx-5.1.1.tgz#839a1c3aaacc4e735fed0781b8619ea5d0009d1f"
  integrity sha512-pW7uC1l4mBZ8ugbiZrcIsiIvVx1UmTfw7UkC3Um2tmfUq9Bhk8IiyEIPl6F8agHgjzku6j0xQEZbfA5uSgSaCw==
  dependencies:
    client-only "0.0.1"

tslib@^2.4.0:
  version "2.6.2"
  resolved "https://registry.yarnpkg.com/tslib/-/tslib-2.6.2.tgz#703ac29425e7b37cd6fd456e92404d46d1f3e4ae"
  integrity sha512-AEYxH93jGFPn/a2iVAwW87VuUIkR1FVUKB77NwMF7nBTDkDrrT/Hpt/IrCJ0QXhW27jTBDcf5ZY7w6RiqTMw2Q==

watchpack@2.4.0:
  version "2.4.0"
  resolved "https://registry.yarnpkg.com/watchpack/-/watchpack-2.4.0.tgz#fa33032374962c78113f93c7f2fb4c54c9862a5d"
  integrity sha512-Lcvm7MGST/4fup+ifyKi2hjyIAwcdI4HRgtvTpIUxBRhB+RFtUh8XtDOxUfctVCnhVi+QQj49i91OyvzkJl6cg==
  dependencies:
    glob-to-regexp "^0.4.1"
    graceful-fs "^4.1.2"
